// !$*UTF8*$!
{
	archiveVersion = 1;
	classes = {
	};
	objectVersion = 77;
	objects = {

/* Begin PBXContainerItemProxy section */
		A88411A32CC89D08003C896A /* PBXContainerItemProxy */ = {
			isa = PBXContainerItemProxy;
			containerPortal = A88411842CC89D06003C896A /* Project object */;
			proxyType = 1;
			remoteGlobalIDString = A884118B2CC89D06003C896A;
			remoteInfo = MLChallenge;
		};
		A88411AD2CC89D08003C896A /* PBXContainerItemProxy */ = {
			isa = PBXContainerItemProxy;
			containerPortal = A88411842CC89D06003C896A /* Project object */;
			proxyType = 1;
			remoteGlobalIDString = A884118B2CC89D06003C896A;
			remoteInfo = MLChallenge;
		};
/* End PBXContainerItemProxy section */

/* Begin PBXFileReference section */
		A884118C2CC89D06003C896A /* MLChallenge.app */ = {isa = PBXFileReference; explicitFileType = wrapper.application; includeInIndex = 0; path = MLChallenge.app; sourceTree = BUILT_PRODUCTS_DIR; };
		A88411A22CC89D08003C896A /* MLChallengeTests.xctest */ = {isa = PBXFileReference; explicitFileType = wrapper.cfbundle; includeInIndex = 0; path = MLChallengeTests.xctest; sourceTree = BUILT_PRODUCTS_DIR; };
		A88411AC2CC89D08003C896A /* MLChallengeUITests.xctest */ = {isa = PBXFileReference; explicitFileType = wrapper.cfbundle; includeInIndex = 0; path = MLChallengeUITests.xctest; sourceTree = BUILT_PRODUCTS_DIR; };
/* End PBXFileReference section */

/* Begin PBXFileSystemSynchronizedBuildFileExceptionSet section */
		A88411B42CC89D08003C896A /* Exceptions for "MLChallenge" folder in "MLChallenge" target */ = {
			isa = PBXFileSystemSynchronizedBuildFileExceptionSet;
			membershipExceptions = (
				Info.plist,
			);
			target = A884118B2CC89D06003C896A /* MLChallenge */;
		};
/* End PBXFileSystemSynchronizedBuildFileExceptionSet section */

/* Begin PBXFileSystemSynchronizedRootGroup section */
		A884118E2CC89D06003C896A /* MLChallenge */ = {
			isa = PBXFileSystemSynchronizedRootGroup;
			exceptions = (
				A88411B42CC89D08003C896A /* Exceptions for "MLChallenge" folder in "MLChallenge" target */,
			);
			path = MLChallenge;
			sourceTree = "<group>";
		};
		A88411A52CC89D08003C896A /* MLChallengeTests */ = {
			isa = PBXFileSystemSynchronizedRootGroup;
			path = MLChallengeTests;
			sourceTree = "<group>";
		};
		A88411AF2CC89D08003C896A /* MLChallengeUITests */ = {
			isa = PBXFileSystemSynchronizedRootGroup;
			path = MLChallengeUITests;
			sourceTree = "<group>";
		};
		A8A33F762CC8A83E00245E18 /* Resources */ = {
			isa = PBXFileSystemSynchronizedRootGroup;
			path = Resources;
			sourceTree = "<group>";
		};
/* End PBXFileSystemSynchronizedRootGroup section */

/* Begin PBXFrameworksBuildPhase section */
		A88411892CC89D06003C896A /* Frameworks */ = {
			isa = PBXFrameworksBuildPhase;
			buildActionMask = 2147483647;
			files = (
			);
			runOnlyForDeploymentPostprocessing = 0;
		};
		A884119F2CC89D08003C896A /* Frameworks */ = {
			isa = PBXFrameworksBuildPhase;
			buildActionMask = 2147483647;
			files = (
			);
			runOnlyForDeploymentPostprocessing = 0;
		};
		A88411A92CC89D08003C896A /* Frameworks */ = {
			isa = PBXFrameworksBuildPhase;
			buildActionMask = 2147483647;
			files = (
			);
			runOnlyForDeploymentPostprocessing = 0;
		};
/* End PBXFrameworksBuildPhase section */

/* Begin PBXGroup section */
		A88411832CC89D06003C896A = {
			isa = PBXGroup;
			children = (
				A884118E2CC89D06003C896A /* MLChallenge */,
				A8A33F762CC8A83E00245E18 /* Resources */,
				A88411A52CC89D08003C896A /* MLChallengeTests */,
				A88411AF2CC89D08003C896A /* MLChallengeUITests */,
				A884118D2CC89D06003C896A /* Products */,
			);
			sourceTree = "<group>";
		};
		A884118D2CC89D06003C896A /* Products */ = {
			isa = PBXGroup;
			children = (
				A884118C2CC89D06003C896A /* MLChallenge.app */,
				A88411A22CC89D08003C896A /* MLChallengeTests.xctest */,
				A88411AC2CC89D08003C896A /* MLChallengeUITests.xctest */,
			);
			name = Products;
			sourceTree = "<group>";
		};
/* End PBXGroup section */

/* Begin PBXNativeTarget section */
		A884118B2CC89D06003C896A /* MLChallenge */ = {
			isa = PBXNativeTarget;
			buildConfigurationList = A88411B52CC89D08003C896A /* Build configuration list for PBXNativeTarget "MLChallenge" */;
			buildPhases = (
				A88411882CC89D06003C896A /* Sources */,
				A88411892CC89D06003C896A /* Frameworks */,
				A884118A2CC89D06003C896A /* Resources */,
			);
			buildRules = (
			);
			dependencies = (
			);
			fileSystemSynchronizedGroups = (
				A884118E2CC89D06003C896A /* MLChallenge */,
				A8A33F762CC8A83E00245E18 /* Resources */,
			);
			name = MLChallenge;
			packageProductDependencies = (
			);
			productName = MLChallenge;
			productReference = A884118C2CC89D06003C896A /* MLChallenge.app */;
			productType = "com.apple.product-type.application";
		};
		A88411A12CC89D08003C896A /* MLChallengeTests */ = {
			isa = PBXNativeTarget;
			buildConfigurationList = A88411BA2CC89D08003C896A /* Build configuration list for PBXNativeTarget "MLChallengeTests" */;
			buildPhases = (
				A884119E2CC89D08003C896A /* Sources */,
				A884119F2CC89D08003C896A /* Frameworks */,
				A88411A02CC89D08003C896A /* Resources */,
			);
			buildRules = (
			);
			dependencies = (
				A88411A42CC89D08003C896A /* PBXTargetDependency */,
			);
			fileSystemSynchronizedGroups = (
				A88411A52CC89D08003C896A /* MLChallengeTests */,
			);
			name = MLChallengeTests;
			packageProductDependencies = (
			);
			productName = MLChallengeTests;
			productReference = A88411A22CC89D08003C896A /* MLChallengeTests.xctest */;
			productType = "com.apple.product-type.bundle.unit-test";
		};
		A88411AB2CC89D08003C896A /* MLChallengeUITests */ = {
			isa = PBXNativeTarget;
			buildConfigurationList = A88411BD2CC89D08003C896A /* Build configuration list for PBXNativeTarget "MLChallengeUITests" */;
			buildPhases = (
				A88411A82CC89D08003C896A /* Sources */,
				A88411A92CC89D08003C896A /* Frameworks */,
				A88411AA2CC89D08003C896A /* Resources */,
			);
			buildRules = (
			);
			dependencies = (
				A88411AE2CC89D08003C896A /* PBXTargetDependency */,
			);
			fileSystemSynchronizedGroups = (
				A88411AF2CC89D08003C896A /* MLChallengeUITests */,
			);
			name = MLChallengeUITests;
			packageProductDependencies = (
			);
			productName = MLChallengeUITests;
			productReference = A88411AC2CC89D08003C896A /* MLChallengeUITests.xctest */;
			productType = "com.apple.product-type.bundle.ui-testing";
		};
/* End PBXNativeTarget section */

/* Begin PBXProject section */
		A88411842CC89D06003C896A /* Project object */ = {
			isa = PBXProject;
			attributes = {
				BuildIndependentTargetsInParallel = 1;
				LastSwiftUpdateCheck = 1600;
				LastUpgradeCheck = 1600;
				TargetAttributes = {
					A884118B2CC89D06003C896A = {
						CreatedOnToolsVersion = 16.0;
					};
					A88411A12CC89D08003C896A = {
						CreatedOnToolsVersion = 16.0;
						TestTargetID = A884118B2CC89D06003C896A;
					};
					A88411AB2CC89D08003C896A = {
						CreatedOnToolsVersion = 16.0;
						TestTargetID = A884118B2CC89D06003C896A;
					};
				};
			};
			buildConfigurationList = A88411872CC89D06003C896A /* Build configuration list for PBXProject "MLChallenge" */;
			developmentRegion = en;
			hasScannedForEncodings = 0;
			knownRegions = (
				en,
				Base,
			);
			mainGroup = A88411832CC89D06003C896A;
			minimizedProjectReferenceProxies = 1;
			preferredProjectObjectVersion = 77;
			productRefGroup = A884118D2CC89D06003C896A /* Products */;
			projectDirPath = "";
			projectRoot = "";
			targets = (
				A884118B2CC89D06003C896A /* MLChallenge */,
				A88411A12CC89D08003C896A /* MLChallengeTests */,
				A88411AB2CC89D08003C896A /* MLChallengeUITests */,
			);
		};
/* End PBXProject section */

/* Begin PBXResourcesBuildPhase section */
		A884118A2CC89D06003C896A /* Resources */ = {
			isa = PBXResourcesBuildPhase;
			buildActionMask = 2147483647;
			files = (
			);
			runOnlyForDeploymentPostprocessing = 0;
		};
		A88411A02CC89D08003C896A /* Resources */ = {
			isa = PBXResourcesBuildPhase;
			buildActionMask = 2147483647;
			files = (
			);
			runOnlyForDeploymentPostprocessing = 0;
		};
		A88411AA2CC89D08003C896A /* Resources */ = {
			isa = PBXResourcesBuildPhase;
			buildActionMask = 2147483647;
			files = (
			);
			runOnlyForDeploymentPostprocessing = 0;
		};
/* End PBXResourcesBuildPhase section */

/* Begin PBXSourcesBuildPhase section */
		A88411882CC89D06003C896A /* Sources */ = {
			isa = PBXSourcesBuildPhase;
			buildActionMask = 2147483647;
			files = (
			);
			runOnlyForDeploymentPostprocessing = 0;
		};
		A884119E2CC89D08003C896A /* Sources */ = {
			isa = PBXSourcesBuildPhase;
			buildActionMask = 2147483647;
			files = (
			);
			runOnlyForDeploymentPostprocessing = 0;
		};
		A88411A82CC89D08003C896A /* Sources */ = {
			isa = PBXSourcesBuildPhase;
			buildActionMask = 2147483647;
			files = (
			);
			runOnlyForDeploymentPostprocessing = 0;
		};
/* End PBXSourcesBuildPhase section */

/* Begin PBXTargetDependency section */
		A88411A42CC89D08003C896A /* PBXTargetDependency */ = {
			isa = PBXTargetDependency;
			target = A884118B2CC89D06003C896A /* MLChallenge */;
			targetProxy = A88411A32CC89D08003C896A /* PBXContainerItemProxy */;
		};
		A88411AE2CC89D08003C896A /* PBXTargetDependency */ = {
			isa = PBXTargetDependency;
			target = A884118B2CC89D06003C896A /* MLChallenge */;
			targetProxy = A88411AD2CC89D08003C896A /* PBXContainerItemProxy */;
		};
/* End PBXTargetDependency section */

/* Begin XCBuildConfiguration section */
		A88411B62CC89D08003C896A /* Debug */ = {
			isa = XCBuildConfiguration;
			buildSettings = {
				ASSETCATALOG_COMPILER_APPICON_NAME = AppIcon;
				ASSETCATALOG_COMPILER_GLOBAL_ACCENT_COLOR_NAME = AccentColor;
				CODE_SIGN_STYLE = Automatic;
				CURRENT_PROJECT_VERSION = 1;
				DEVELOPMENT_TEAM = 3SFVTHN5YB;
				GENERATE_INFOPLIST_FILE = YES;
				INFOPLIST_FILE = MLChallenge/Info.plist;
				INFOPLIST_KEY_UIApplicationSupportsIndirectInputEvents = YES;
				INFOPLIST_KEY_UILaunchStoryboardName = LaunchScreen;
				INFOPLIST_KEY_UISupportedInterfaceOrientations_iPad = "UIInterfaceOrientationPortrait UIInterfaceOrientationPortraitUpsideDown UIInterfaceOrientationLandscapeLeft UIInterfaceOrientationLandscapeRight";
				INFOPLIST_KEY_UISupportedInterfaceOrientations_iPhone = "UIInterfaceOrientationPortrait UIInterfaceOrientationLandscapeLeft UIInterfaceOrientationLandscapeRight";
				LD_RUNPATH_SEARCH_PATHS = (
					"$(inherited)",
					"@executable_path/Frameworks",
				);
				MARKETING_VERSION = 1.0;
				PRODUCT_BUNDLE_IDENTIFIER = gabrielm.MLChallenge;
				PRODUCT_NAME = "$(TARGET_NAME)";
				SWIFT_EMIT_LOC_STRINGS = YES;
				SWIFT_VERSION = 5.0;
				TARGETED_DEVICE_FAMILY = "1,2";
			};
			name = Debug;
		};
		A88411B72CC89D08003C896A /* Release */ = {
			isa = XCBuildConfiguration;
			buildSettings = {
				ASSETCATALOG_COMPILER_APPICON_NAME = AppIcon;
				ASSETCATALOG_COMPILER_GLOBAL_ACCENT_COLOR_NAME = AccentColor;
				CODE_SIGN_STYLE = Automatic;
				CURRENT_PROJECT_VERSION = 1;
				DEVELOPMENT_TEAM = 3SFVTHN5YB;
				GENERATE_INFOPLIST_FILE = YES;
				INFOPLIST_FILE = MLChallenge/Info.plist;
				INFOPLIST_KEY_UIApplicationSupportsIndirectInputEvents = YES;
				INFOPLIST_KEY_UILaunchStoryboardName = LaunchScreen;
				INFOPLIST_KEY_UISupportedInterfaceOrientations_iPad = "UIInterfaceOrientationPortrait UIInterfaceOrientationPortraitUpsideDown UIInterfaceOrientationLandscapeLeft UIInterfaceOrientationLandscapeRight";
				INFOPLIST_KEY_UISupportedInterfaceOrientations_iPhone = "UIInterfaceOrientationPortrait UIInterfaceOrientationLandscapeLeft UIInterfaceOrientationLandscapeRight";
				LD_RUNPATH_SEARCH_PATHS = (
					"$(inherited)",
					"@executable_path/Frameworks",
				);
				MARKETING_VERSION = 1.0;
				PRODUCT_BUNDLE_IDENTIFIER = gabrielm.MLChallenge;
				PRODUCT_NAME = "$(TARGET_NAME)";
				SWIFT_EMIT_LOC_STRINGS = YES;
				SWIFT_VERSION = 5.0;
				TARGETED_DEVICE_FAMILY = "1,2";
			};
			name = Release;
		};
		A88411B82CC89D08003C896A /* Debug */ = {
			isa = XCBuildConfiguration;
			buildSettings = {
				ALWAYS_SEARCH_USER_PATHS = NO;
				ASSETCATALOG_COMPILER_GENERATE_SWIFT_ASSET_SYMBOL_EXTENSIONS = YES;
				CLANG_ANALYZER_NONNULL = YES;
				CLANG_ANALYZER_NUMBER_OBJECT_CONVERSION = YES_AGGRESSIVE;
				CLANG_CXX_LANGUAGE_STANDARD = "gnu++20";
				CLANG_ENABLE_MODULES = YES;
				CLANG_ENABLE_OBJC_ARC = YES;
				CLANG_ENABLE_OBJC_WEAK = YES;
				CLANG_WARN_BLOCK_CAPTURE_AUTORELEASING = YES;
				CLANG_WARN_BOOL_CONVERSION = YES;
				CLANG_WARN_COMMA = YES;
				CLANG_WARN_CONSTANT_CONVERSION = YES;
				CLANG_WARN_DEPRECATED_OBJC_IMPLEMENTATIONS = YES;
				CLANG_WARN_DIRECT_OBJC_ISA_USAGE = YES_ERROR;
				CLANG_WARN_DOCUMENTATION_COMMENTS = YES;
				CLANG_WARN_EMPTY_BODY = YES;
				CLANG_WARN_ENUM_CONVERSION = YES;
				CLANG_WARN_INFINITE_RECURSION = YES;
				CLANG_WARN_INT_CONVERSION = YES;
				CLANG_WARN_NON_LITERAL_NULL_CONVERSION = YES;
				CLANG_WARN_OBJC_IMPLICIT_RETAIN_SELF = YES;
				CLANG_WARN_OBJC_LITERAL_CONVERSION = YES;
				CLANG_WARN_OBJC_ROOT_CLASS = YES_ERROR;
				CLANG_WARN_QUOTED_INCLUDE_IN_FRAMEWORK_HEADER = YES;
				CLANG_WARN_RANGE_LOOP_ANALYSIS = YES;
				CLANG_WARN_STRICT_PROTOTYPES = YES;
				CLANG_WARN_SUSPICIOUS_MOVE = YES;
				CLANG_WARN_UNGUARDED_AVAILABILITY = YES_AGGRESSIVE;
				CLANG_WARN_UNREACHABLE_CODE = YES;
				CLANG_WARN__DUPLICATE_METHOD_MATCH = YES;
				COPY_PHASE_STRIP = NO;
				DEBUG_INFORMATION_FORMAT = dwarf;
				ENABLE_STRICT_OBJC_MSGSEND = YES;
				ENABLE_TESTABILITY = YES;
				ENABLE_USER_SCRIPT_SANDBOXING = YES;
				GCC_C_LANGUAGE_STANDARD = gnu17;
				GCC_DYNAMIC_NO_PIC = NO;
				GCC_NO_COMMON_BLOCKS = YES;
				GCC_OPTIMIZATION_LEVEL = 0;
				GCC_PREPROCESSOR_DEFINITIONS = (
					"DEBUG=1",
					"$(inherited)",
				);
				GCC_WARN_64_TO_32_BIT_CONVERSION = YES;
				GCC_WARN_ABOUT_RETURN_TYPE = YES_ERROR;
				GCC_WARN_UNDECLARED_SELECTOR = YES;
				GCC_WARN_UNINITIALIZED_AUTOS = YES_AGGRESSIVE;
				GCC_WARN_UNUSED_FUNCTION = YES;
				GCC_WARN_UNUSED_VARIABLE = YES;
				IPHONEOS_DEPLOYMENT_TARGET = 18.0;
				LOCALIZATION_PREFERS_STRING_CATALOGS = YES;
				MTL_ENABLE_DEBUG_INFO = INCLUDE_SOURCE;
				MTL_FAST_MATH = YES;
				ONLY_ACTIVE_ARCH = YES;
				SDKROOT = iphoneos;
				SWIFT_ACTIVE_COMPILATION_CONDITIONS = "DEBUG $(inherited)";
				SWIFT_OPTIMIZATION_LEVEL = "-Onone";
			};
			name = Debug;
		};
		A88411B92CC89D08003C896A /* Release */ = {
			isa = XCBuildConfiguration;
			buildSettings = {
				ALWAYS_SEARCH_USER_PATHS = NO;
				ASSETCATALOG_COMPILER_GENERATE_SWIFT_ASSET_SYMBOL_EXTENSIONS = YES;
				CLANG_ANALYZER_NONNULL = YES;
				CLANG_ANALYZER_NUMBER_OBJECT_CONVERSION = YES_AGGRESSIVE;
				CLANG_CXX_LANGUAGE_STANDARD = "gnu++20";
				CLANG_ENABLE_MODULES = YES;
				CLANG_ENABLE_OBJC_ARC = YES;
				CLANG_ENABLE_OBJC_WEAK = YES;
				CLANG_WARN_BLOCK_CAPTURE_AUTORELEASING = YES;
				CLANG_WARN_BOOL_CONVERSION = YES;
				CLANG_WARN_COMMA = YES;
				CLANG_WARN_CONSTANT_CONVERSION = YES;
				CLANG_WARN_DEPRECATED_OBJC_IMPLEMENTATIONS = YES;
				CLANG_WARN_DIRECT_OBJC_ISA_USAGE = YES_ERROR;
				CLANG_WARN_DOCUMENTATION_COMMENTS = YES;
				CLANG_WARN_EMPTY_BODY = YES;
				CLANG_WARN_ENUM_CONVERSION = YES;
				CLANG_WARN_INFINITE_RECURSION = YES;
				CLANG_WARN_INT_CONVERSION = YES;
				CLANG_WARN_NON_LITERAL_NULL_CONVERSION = YES;
				CLANG_WARN_OBJC_IMPLICIT_RETAIN_SELF = YES;
				CLANG_WARN_OBJC_LITERAL_CONVERSION = YES;
				CLANG_WARN_OBJC_ROOT_CLASS = YES_ERROR;
				CLANG_WARN_QUOTED_INCLUDE_IN_FRAMEWORK_HEADER = YES;
				CLANG_WARN_RANGE_LOOP_ANALYSIS = YES;
				CLANG_WARN_STRICT_PROTOTYPES = YES;
				CLANG_WARN_SUSPICIOUS_MOVE = YES;
				CLANG_WARN_UNGUARDED_AVAILABILITY = YES_AGGRESSIVE;
				CLANG_WARN_UNREACHABLE_CODE = YES;
				CLANG_WARN__DUPLICATE_METHOD_MATCH = YES;
				COPY_PHASE_STRIP = NO;
				DEBUG_INFORMATION_FORMAT = "dwarf-with-dsym";
				ENABLE_NS_ASSERTIONS = NO;
				ENABLE_STRICT_OBJC_MSGSEND = YES;
				ENABLE_USER_SCRIPT_SANDBOXING = YES;
				GCC_C_LANGUAGE_STANDARD = gnu17;
				GCC_NO_COMMON_BLOCKS = YES;
				GCC_WARN_64_TO_32_BIT_CONVERSION = YES;
				GCC_WARN_ABOUT_RETURN_TYPE = YES_ERROR;
				GCC_WARN_UNDECLARED_SELECTOR = YES;
				GCC_WARN_UNINITIALIZED_AUTOS = YES_AGGRESSIVE;
				GCC_WARN_UNUSED_FUNCTION = YES;
				GCC_WARN_UNUSED_VARIABLE = YES;
				IPHONEOS_DEPLOYMENT_TARGET = 18.0;
				LOCALIZATION_PREFERS_STRING_CATALOGS = YES;
				MTL_ENABLE_DEBUG_INFO = NO;
				MTL_FAST_MATH = YES;
				SDKROOT = iphoneos;
				SWIFT_COMPILATION_MODE = wholemodule;
				VALIDATE_PRODUCT = YES;
			};
			name = Release;
		};
		A88411BB2CC89D08003C896A /* Debug */ = {
			isa = XCBuildConfiguration;
			buildSettings = {
				BUNDLE_LOADER = "$(TEST_HOST)";
				CODE_SIGN_STYLE = Automatic;
				CURRENT_PROJECT_VERSION = 1;
				DEVELOPMENT_TEAM = 3SFVTHN5YB;
				GENERATE_INFOPLIST_FILE = YES;
				IPHONEOS_DEPLOYMENT_TARGET = 18.0;
				MARKETING_VERSION = 1.0;
				PRODUCT_BUNDLE_IDENTIFIER = gabrielm.MLChallengeTests;
				PRODUCT_NAME = "$(TARGET_NAME)";
				SWIFT_EMIT_LOC_STRINGS = NO;
				SWIFT_VERSION = 5.0;
				TARGETED_DEVICE_FAMILY = "1,2";
				TEST_HOST = "$(BUILT_PRODUCTS_DIR)/MLChallenge.app/$(BUNDLE_EXECUTABLE_FOLDER_PATH)/MLChallenge";
			};
			name = Debug;
		};
		A88411BC2CC89D08003C896A /* Release */ = {
			isa = XCBuildConfiguration;
			buildSettings = {
				BUNDLE_LOADER = "$(TEST_HOST)";
				CODE_SIGN_STYLE = Automatic;
				CURRENT_PROJECT_VERSION = 1;
				DEVELOPMENT_TEAM = 3SFVTHN5YB;
				GENERATE_INFOPLIST_FILE = YES;
				IPHONEOS_DEPLOYMENT_TARGET = 18.0;
				MARKETING_VERSION = 1.0;
				PRODUCT_BUNDLE_IDENTIFIER = gabrielm.MLChallengeTests;
				PRODUCT_NAME = "$(TARGET_NAME)";
				SWIFT_EMIT_LOC_STRINGS = NO;
				SWIFT_VERSION = 5.0;
				TARGETED_DEVICE_FAMILY = "1,2";
				TEST_HOST = "$(BUILT_PRODUCTS_DIR)/MLChallenge.app/$(BUNDLE_EXECUTABLE_FOLDER_PATH)/MLChallenge";
			};
			name = Release;
		};
		A88411BE2CC89D08003C896A /* Debug */ = {
			isa = XCBuildConfiguration;
			buildSettings = {
				CODE_SIGN_STYLE = Automatic;
				CURRENT_PROJECT_VERSION = 1;
				DEVELOPMENT_TEAM = 3SFVTHN5YB;
				GENERATE_INFOPLIST_FILE = YES;
				MARKETING_VERSION = 1.0;
				PRODUCT_BUNDLE_IDENTIFIER = gabrielm.MLChallengeUITests;
				PRODUCT_NAME = "$(TARGET_NAME)";
				SWIFT_EMIT_LOC_STRINGS = NO;
				SWIFT_VERSION = 5.0;
				TARGETED_DEVICE_FAMILY = "1,2";
				TEST_TARGET_NAME = MLChallenge;
			};
			name = Debug;
		};
		A88411BF2CC89D08003C896A /* Release */ = {
			isa = XCBuildConfiguration;
			buildSettings = {
				CODE_SIGN_STYLE = Automatic;
				CURRENT_PROJECT_VERSION = 1;
				DEVELOPMENT_TEAM = 3SFVTHN5YB;
				GENERATE_INFOPLIST_FILE = YES;
				MARKETING_VERSION = 1.0;
				PRODUCT_BUNDLE_IDENTIFIER = gabrielm.MLChallengeUITests;
				PRODUCT_NAME = "$(TARGET_NAME)";
				SWIFT_EMIT_LOC_STRINGS = NO;
				SWIFT_VERSION = 5.0;
				TARGETED_DEVICE_FAMILY = "1,2";
				TEST_TARGET_NAME = MLChallenge;
			};
			name = Release;
		};
/* End XCBuildConfiguration section */

/* Begin XCConfigurationList section */
		A88411872CC89D06003C896A /* Build configuration list for PBXProject "MLChallenge" */ = {
			isa = XCConfigurationList;
			buildConfigurations = (
				A88411B82CC89D08003C896A /* Debug */,
				A88411B92CC89D08003C896A /* Release */,
			);
			defaultConfigurationIsVisible = 0;
			defaultConfigurationName = Release;
		};
		A88411B52CC89D08003C896A /* Build configuration list for PBXNativeTarget "MLChallenge" */ = {
			isa = XCConfigurationList;
			buildConfigurations = (
				A88411B62CC89D08003C896A /* Debug */,
				A88411B72CC89D08003C896A /* Release */,
			);
			defaultConfigurationIsVisible = 0;
			defaultConfigurationName = Release;
		};
		A88411BA2CC89D08003C896A /* Build configuration list for PBXNativeTarget "MLChallengeTests" */ = {
			isa = XCConfigurationList;
			buildConfigurations = (
				A88411BB2CC89D08003C896A /* Debug */,
				A88411BC2CC89D08003C896A /* Release */,
			);
			defaultConfigurationIsVisible = 0;
			defaultConfigurationName = Release;
		};
		A88411BD2CC89D08003C896A /* Build configuration list for PBXNativeTarget "MLChallengeUITests" */ = {
			isa = XCConfigurationList;
			buildConfigurations = (
				A88411BE2CC89D08003C896A /* Debug */,
				A88411BF2CC89D08003C896A /* Release */,
			);
			defaultConfigurationIsVisible = 0;
			defaultConfigurationName = Release;
		};
/* End XCConfigurationList section */
	};
	rootObject = A88411842CC89D06003C896A /* Project object */;
}
